
Microsoft Visual Studio Solution File, Format Version 12.00
# Visual Studio Version 17
VisualStudioVersion = 17.4.33205.214
MinimumVisualStudioVersion = 10.0.40219.1
Project("{FAE04EC0-301F-11D3-BF4B-00C04F79EFBC}") = "BiletRezervasyon", "BiletRezervasyon\BiletRezervasyon.csproj", "{8B7DDBEC-2AD5-4687-88F3-3ED7F46AE332}"
EndProject
Global
	GlobalSection(SolutionConfigurationPlatforms) = preSolution
		Debug|Any CPU = Debug|Any CPU
		Release|Any CPU = Release|Any CPU
	EndGlobalSection
	GlobalSection(ProjectConfigurationPlatforms) = postSolution
		{8B7DDBEC-2AD5-4687-88F3-3ED7F46AE332}.Debug|Any CPU.ActiveCfg = Debug|Any CPU
		{8B7DDBEC-2AD5-4687-88F3-3ED7F46AE332}.Debug|Any CPU.Build.0 = Debug|Any CPU
		{8B7DDBEC-2AD5-4687-88F3-3ED7F46AE332}.Release|Any CPU.ActiveCfg = Release|Any CPU
		{8B7DDBEC-2AD5-4687-88F3-3ED7F46AE332}.Release|Any CPU.Build.0 = Release|Any CPU
	EndGlobalSection
	GlobalSection(SolutionProperties) = preSolution
		HideSolutionNode = FALSE
	EndGlobalSection
	GlobalSection(ExtensibilityGlobals) = postSolution
		SolutionGuid = {6D69D328-BBDF-453E-A82C-901DD0C16617}
	EndGlobalSection
EndGlobal
